
Microsoft Visual Studio Solution File, Format Version 12.00
# Visual Studio 15
Project("{FAE04EC0-301F-11D3-BF4B-00C04F79EFBC}") = "Assembly-CSharp", "Assembly-CSharp.csproj", "{F4C5F158-5BC7-B0C1-32E9-584532672C76}"
EndProject
Project("{FAE04EC0-301F-11D3-BF4B-00C04F79EFBC}") = "Assembly-CSharp-Editor", "Assembly-CSharp-Editor.csproj", "{D521E6AB-469F-5F91-7B13-66D8291DB8BD}"
EndProject
Global
	GlobalSection(SolutionConfigurationPlatforms) = preSolution
		Debug|Any CPU = Debug|Any CPU
		Release|Any CPU = Release|Any CPU
	EndGlobalSection
	GlobalSection(ProjectConfigurationPlatforms) = postSolution
		{F4C5F158-5BC7-B0C1-32E9-584532672C76}.Debug|Any CPU.ActiveCfg = Debug|Any CPU
		{F4C5F158-5BC7-B0C1-32E9-584532672C76}.Debug|Any CPU.Build.0 = Debug|Any CPU
		{F4C5F158-5BC7-B0C1-32E9-584532672C76}.Release|Any CPU.ActiveCfg = Release|Any CPU
		{F4C5F158-5BC7-B0C1-32E9-584532672C76}.Release|Any CPU.Build.0 = Release|Any CPU
		{D521E6AB-469F-5F91-7B13-66D8291DB8BD}.Debug|Any CPU.ActiveCfg = Debug|Any CPU
		{D521E6AB-469F-5F91-7B13-66D8291DB8BD}.Debug|Any CPU.Build.0 = Debug|Any CPU
		{D521E6AB-469F-5F91-7B13-66D8291DB8BD}.Release|Any CPU.ActiveCfg = Release|Any CPU
		{D521E6AB-469F-5F91-7B13-66D8291DB8BD}.Release|Any CPU.Build.0 = Release|Any CPU
	EndGlobalSection
	GlobalSection(SolutionProperties) = preSolution
		HideSolutionNode = FALSE
	EndGlobalSection
EndGlobal
